
Microsoft Visual Studio Solution File, Format Version 12.00
# Visual Studio Version 16
VisualStudioVersion = 16.0.30611.23
MinimumVisualStudioVersion = 10.0.40219.1
Project("{FAE04EC0-301F-11D3-BF4B-00C04F79EFBC}") = "MainProject_2020", "MainProject_2020.csproj", "{CCC9C94B-954D-4FFF-B466-B1F4780DD019}"
EndProject
Global
	GlobalSection(SolutionConfigurationPlatforms) = preSolution
		Debug|Any CPU = Debug|Any CPU
		Release|Any CPU = Release|Any CPU
	EndGlobalSection
	GlobalSection(ProjectConfigurationPlatforms) = postSolution
		{CCC9C94B-954D-4FFF-B466-B1F4780DD019}.Debug|Any CPU.ActiveCfg = Debug|Any CPU
		{CCC9C94B-954D-4FFF-B466-B1F4780DD019}.Debug|Any CPU.Build.0 = Debug|Any CPU
		{CCC9C94B-954D-4FFF-B466-B1F4780DD019}.Release|Any CPU.ActiveCfg = Release|Any CPU
		{CCC9C94B-954D-4FFF-B466-B1F4780DD019}.Release|Any CPU.Build.0 = Release|Any CPU
	EndGlobalSection
	GlobalSection(SolutionProperties) = preSolution
		HideSolutionNode = FALSE
	EndGlobalSection
	GlobalSection(ExtensibilityGlobals) = postSolution
		SolutionGuid = {D5F161C8-E698-4451-B26C-62D9D3CE8552}
	EndGlobalSection
EndGlobal
